
Microsoft Visual Studio Solution File, Format Version 12.00
Project("{FAE04EC0-301F-11D3-BF4B-00C04F79EFBC}") = "Infi.DojoEventSourcing.Api", "Infi.DojoEventSourcing.Api\Infi.DojoEventSourcing.Api.csproj", "{FAE50023-02F8-4BB1-8ADA-977738B01643}"
EndProject
Project("{FAE04EC0-301F-11D3-BF4B-00C04F79EFBC}") = "Infi.DojoEventSourcing.Domain", "Infi.DojoEventSourcing.Domain\Infi.DojoEventSourcing.Domain.csproj", "{41F6C2EE-D082-4278-8F9A-4FD2F9A74295}"
EndProject
Project("{2150E333-8FDC-42A3-9474-1A3956D46DE8}") = "Infi.DojoEventSourcing.Infrastructure", "Infi.DojoEventSourcing.Infrastructure", "{3877938D-D04B-4038-B830-BF93E3566E99}"
EndProject
Project("{2150E333-8FDC-42A3-9474-1A3956D46DE8}") = "Infi.DojoEventSourcing.Applications", "Infi.DojoEventSourcing.Applications", "{B9B18429-1994-454F-A60B-31D8FE2AB2D8}"
EndProject
Project("{2150E333-8FDC-42A3-9474-1A3956D46DE8}") = "Infi.DojoEventSourcing.Domain", "Infi.DojoEventSourcing.Domain", "{B1CB0CED-A5AA-4639-A767-5E2FD9ECF299}"
EndProject
Project("{FAE04EC0-301F-11D3-BF4B-00C04F79EFBC}") = "Infi.DojoEventSourcing.Configuration", "Infi.DojoEventSourcing.Configuration\Infi.DojoEventSourcing.Configuration.csproj", "{3B061BF5-15B6-4627-A8E4-E261F48CE85E}"
EndProject
Project("{FAE04EC0-301F-11D3-BF4B-00C04F79EFBC}") = "Infi.DojoEventSourcing.Domain.CommandHandlers", "Infi.DojoEventSourcing.Domain.CommandHanders\Infi.DojoEventSourcing.Domain.CommandHandlers.csproj", "{DBDC3256-7DC9-4987-A27C-EA05FD48474F}"
EndProject
Project("{FAE04EC0-301F-11D3-BF4B-00C04F79EFBC}") = "Infi.DojoEventSourcing.Domain.Commands", "Infi.DojoEventSourcing.Domain.Commands\Infi.DojoEventSourcing.Domain.Commands.csproj", "{5AD891D5-66CB-407A-BAD4-0B722FC4C781}"
EndProject
Project("{FAE04EC0-301F-11D3-BF4B-00C04F79EFBC}") = "Infi.DojoEventSourcing.Domain.EventSubscribers", "Infi.DojoEventSourcing.Domain.EventSubscribers\Infi.DojoEventSourcing.Domain.EventSubscribers.csproj", "{AE4A79C8-8FAC-479D-92C5-DDF67279FEFB}"
EndProject
Global
	GlobalSection(SolutionConfigurationPlatforms) = preSolution
		Debug|Any CPU = Debug|Any CPU
		Release|Any CPU = Release|Any CPU
	EndGlobalSection
	GlobalSection(ProjectConfigurationPlatforms) = postSolution
		{FAE50023-02F8-4BB1-8ADA-977738B01643}.Debug|Any CPU.ActiveCfg = Debug|Any CPU
		{FAE50023-02F8-4BB1-8ADA-977738B01643}.Debug|Any CPU.Build.0 = Debug|Any CPU
		{FAE50023-02F8-4BB1-8ADA-977738B01643}.Release|Any CPU.ActiveCfg = Release|Any CPU
		{FAE50023-02F8-4BB1-8ADA-977738B01643}.Release|Any CPU.Build.0 = Release|Any CPU
		{41F6C2EE-D082-4278-8F9A-4FD2F9A74295}.Debug|Any CPU.ActiveCfg = Debug|Any CPU
		{41F6C2EE-D082-4278-8F9A-4FD2F9A74295}.Debug|Any CPU.Build.0 = Debug|Any CPU
		{41F6C2EE-D082-4278-8F9A-4FD2F9A74295}.Release|Any CPU.ActiveCfg = Release|Any CPU
		{41F6C2EE-D082-4278-8F9A-4FD2F9A74295}.Release|Any CPU.Build.0 = Release|Any CPU
		{3B061BF5-15B6-4627-A8E4-E261F48CE85E}.Debug|Any CPU.ActiveCfg = Debug|Any CPU
		{3B061BF5-15B6-4627-A8E4-E261F48CE85E}.Debug|Any CPU.Build.0 = Debug|Any CPU
		{3B061BF5-15B6-4627-A8E4-E261F48CE85E}.Release|Any CPU.ActiveCfg = Release|Any CPU
		{3B061BF5-15B6-4627-A8E4-E261F48CE85E}.Release|Any CPU.Build.0 = Release|Any CPU
		{DBDC3256-7DC9-4987-A27C-EA05FD48474F}.Debug|Any CPU.ActiveCfg = Debug|Any CPU
		{DBDC3256-7DC9-4987-A27C-EA05FD48474F}.Debug|Any CPU.Build.0 = Debug|Any CPU
		{DBDC3256-7DC9-4987-A27C-EA05FD48474F}.Release|Any CPU.ActiveCfg = Release|Any CPU
		{DBDC3256-7DC9-4987-A27C-EA05FD48474F}.Release|Any CPU.Build.0 = Release|Any CPU
		{5AD891D5-66CB-407A-BAD4-0B722FC4C781}.Debug|Any CPU.ActiveCfg = Debug|Any CPU
		{5AD891D5-66CB-407A-BAD4-0B722FC4C781}.Debug|Any CPU.Build.0 = Debug|Any CPU
		{5AD891D5-66CB-407A-BAD4-0B722FC4C781}.Release|Any CPU.ActiveCfg = Release|Any CPU
		{5AD891D5-66CB-407A-BAD4-0B722FC4C781}.Release|Any CPU.Build.0 = Release|Any CPU
		{AE4A79C8-8FAC-479D-92C5-DDF67279FEFB}.Debug|Any CPU.ActiveCfg = Debug|Any CPU
		{AE4A79C8-8FAC-479D-92C5-DDF67279FEFB}.Debug|Any CPU.Build.0 = Debug|Any CPU
		{AE4A79C8-8FAC-479D-92C5-DDF67279FEFB}.Release|Any CPU.ActiveCfg = Release|Any CPU
		{AE4A79C8-8FAC-479D-92C5-DDF67279FEFB}.Release|Any CPU.Build.0 = Release|Any CPU
	EndGlobalSection
	GlobalSection(NestedProjects) = preSolution
		{FAE50023-02F8-4BB1-8ADA-977738B01643} = {B9B18429-1994-454F-A60B-31D8FE2AB2D8}
		{41F6C2EE-D082-4278-8F9A-4FD2F9A74295} = {B1CB0CED-A5AA-4639-A767-5E2FD9ECF299}
		{3B061BF5-15B6-4627-A8E4-E261F48CE85E} = {3877938D-D04B-4038-B830-BF93E3566E99}
		{DBDC3256-7DC9-4987-A27C-EA05FD48474F} = {B1CB0CED-A5AA-4639-A767-5E2FD9ECF299}
		{5AD891D5-66CB-407A-BAD4-0B722FC4C781} = {B1CB0CED-A5AA-4639-A767-5E2FD9ECF299}
		{AE4A79C8-8FAC-479D-92C5-DDF67279FEFB} = {B1CB0CED-A5AA-4639-A767-5E2FD9ECF299}
	EndGlobalSection
EndGlobal
